schema: '2.0'
stages:
  prepare:
    cmd: pnpm exec tsx src/stages/prepare.ts
    deps:
    - path: data/ground-truth.json
      hash: md5
      md5: d66dc83c3cf90e2b237b5ce11abcc98d
      size: 54002
    - path: data/recipe-images
      hash: md5
      md5: c016e91ef929d55fd41a2fb90521e92b.dir
      size: 84063465
      nfiles: 14
    - path: src/lib/io.ts
      hash: md5
      md5: 86a28edf39f7c6105b239b65b1755f50
      size: 4476
    - path: src/schemas/ground-truth.ts
      hash: md5
      md5: cff0a15f0564172640b48f1aff2fba7a
      size: 1526
    - path: src/stages/prepare.ts
      hash: md5
      md5: d27dd21c9f6b47fc0cac40db0e6fde65
      size: 1384
    outs:
    - path: outputs/image-entries.json
      hash: md5
      md5: c00291aab748d378f01404b3c19788c4
      size: 934
    - path: outputs/prepared.json
      hash: md5
      md5: 0ea1e5391935c279fbd34becc7806d5d
      size: 54002
  parse:
    cmd: pnpm exec tsx src/stages/parse.ts
    deps:
    - path: data/recipe-images
      hash: md5
      md5: c016e91ef929d55fd41a2fb90521e92b.dir
      size: 84063465
      nfiles: 14
    - path: outputs/image-entries.json
      hash: md5
      md5: c00291aab748d378f01404b3c19788c4
      size: 934
    - path: src/lib/cooklang.ts
      hash: md5
      md5: ca540c41311ffce8442c77e77e7baa2d
      size: 11943
    - path: src/lib/env.ts
      hash: md5
      md5: 1ad5cf2fca9426a8faa637e965f84001
      size: 196
    - path: src/lib/image-key.ts
      hash: md5
      md5: 116109e930c80c186e78c1946e9f03b1
      size: 135
    - path: src/lib/images.ts
      hash: md5
      md5: 53ebc03d0d7f1458e412daccd17eb54e
      size: 560
    - path: src/lib/io.ts
      hash: md5
      md5: 86a28edf39f7c6105b239b65b1755f50
      size: 4476
    - path: src/lib/openrouter.ts
      hash: md5
      md5: 208a133b33ad506ca4971af8f3048604
      size: 6293
    - path: src/lib/parse-retry.ts
      hash: md5
      md5: 3d51e284c36dc781cef42e51f65ddd27
      size: 2194
    - path: src/lib/recipe-output.ts
      hash: md5
      md5: d11742cd8cfb704a3134a64f1b8a40cd
      size: 1814
    - path: src/schemas/ground-truth.ts
      hash: md5
      md5: cff0a15f0564172640b48f1aff2fba7a
      size: 1526
    - path: src/schemas/parse-failures.ts
      hash: md5
      md5: 437825926d9868e64b6d570145a46084
      size: 1395
    - path: src/schemas/stage-artifacts.ts
      hash: md5
      md5: 25e0022170f3576831ac5b1cb4c6a6a0
      size: 2754
    - path: src/stages/parse.ts
      hash: md5
      md5: efbb0b3da31b4a0642e19b11ebe8ab58
      size: 17425
    outs:
    - path: outputs/cooklang-recipes.json
      hash: md5
      md5: db7b24339daa800ce6d9454cdfc8778f
      size: 40604
    - path: outputs/parse-failures.json
      hash: md5
      md5: f144bf9173537d67eb456657a9fc8226
      size: 1623
    - path: outputs/predictions.json
      hash: md5
      md5: 871bcb033529b962c66437eacef3d3de
      size: 25303
    - path: outputs/structured-extractions.json
      hash: md5
      md5: d19fc573d50ba3ad8f600649f260f8e6
      size: 19736
  evaluate_extraction:
    cmd: pnpm exec tsx src/stages/evaluate-extraction.ts
    deps:
    - path: outputs/predictions.json
      hash: md5
      md5: 871bcb033529b962c66437eacef3d3de
      size: 25303
    - path: outputs/prepared.json
      hash: md5
      md5: 0ea1e5391935c279fbd34becc7806d5d
      size: 54002
    - path: src/evaluation/metrics.ts
      hash: md5
      md5: 650fea68015df8ff1b924d9c5d25a7b9
      size: 11272
    - path: src/lib/image-key.ts
      hash: md5
      md5: 116109e930c80c186e78c1946e9f03b1
      size: 135
    - path: src/lib/io.ts
      hash: md5
      md5: 86a28edf39f7c6105b239b65b1755f50
      size: 4476
    - path: src/stages/evaluate-extraction.ts
      hash: md5
      md5: 28b072e55f1a3c4cb194a6f01f6ba9cb
      size: 2910
    outs:
    - path: outputs/extraction-metrics.json
      hash: md5
      md5: 3ff55e4c507cab77cf9ea266b1607735
      size: 1157
    - path: outputs/extraction-per-image-scores.json
      hash: md5
      md5: a85acc588e5099d6d5ca25b469b32c36
      size: 2479
  canonicalize:
    cmd: pnpm exec tsx src/stages/canonicalize.ts
    deps:
    - path: data/canonical-ingredients.json
      hash: md5
      md5: d8cca93de5bf7d831be3d9e69db1c624
      size: 7032
    - path: outputs/predictions.json
      hash: md5
      md5: 871bcb033529b962c66437eacef3d3de
      size: 25303
    - path: src/lib/ingredient-canonicalization.ts
      hash: md5
      md5: bad397949d7b3c4d6a2a9729a3b4d378
      size: 10898
    - path: src/lib/io.ts
      hash: md5
      md5: 86a28edf39f7c6105b239b65b1755f50
      size: 4476
    - path: src/schemas/canonical-ingredients.ts
      hash: md5
      md5: f9fd36508b59772cb34fff03886e40d1
      size: 491
    - path: src/schemas/ground-truth.ts
      hash: md5
      md5: cff0a15f0564172640b48f1aff2fba7a
      size: 1526
    - path: src/stages/canonicalize.ts
      hash: md5
      md5: ceac9afc11e3123fabe2db4a25143fbd
      size: 1794
    outs:
    - path: outputs/canonicalization-decisions.json
      hash: md5
      md5: 1ec7969a8a2dc162c837074324f14ef8
      size: 46008
    - path: outputs/predictions-canonicalized.json
      hash: md5
      md5: 22057ee8deb8165ee9bd9c1e584bb7be
      size: 25215
  evaluate:
    cmd: pnpm exec tsx src/stages/evaluate.ts
    deps:
    - path: outputs/predictions-canonicalized.json
      hash: md5
      md5: 22057ee8deb8165ee9bd9c1e584bb7be
      size: 25215
    - path: outputs/prepared.json
      hash: md5
      md5: 0ea1e5391935c279fbd34becc7806d5d
      size: 54002
    - path: src/evaluation/metrics.ts
      hash: md5
      md5: 650fea68015df8ff1b924d9c5d25a7b9
      size: 11272
    - path: src/lib/image-key.ts
      hash: md5
      md5: 116109e930c80c186e78c1946e9f03b1
      size: 135
    - path: src/lib/io.ts
      hash: md5
      md5: 86a28edf39f7c6105b239b65b1755f50
      size: 4476
    - path: src/stages/evaluate.ts
      hash: md5
      md5: f573615ca3dcd9b8f26abf8815a4366e
      size: 1703
    outs:
    - path: outputs/metrics.json
      hash: md5
      md5: 6166d2e32c748c62b6c25809dfccefef
      size: 1264
    - path: outputs/per-image-scores.json
      hash: md5
      md5: fc5d71e6f7ee8d53c1da48d5440aecd9
      size: 2645
