schema: '2.0'
stages:
  prepare:
    cmd: pnpm exec tsx src/stages/prepare.ts
    deps:
    - path: data/ground-truth.json
      hash: md5
      md5: a81b8c5daf0b41f734188676fc71c3fb
      size: 57952
    - path: data/recipe-images
      hash: md5
      md5: c016e91ef929d55fd41a2fb90521e92b.dir
      size: 84063465
      nfiles: 14
    - path: src/lib/io.ts
      hash: md5
      md5: 06f1d1ef3debf05262f8fb45cad309ee
      size: 7872
    - path: src/schemas/ground-truth.ts
      hash: md5
      md5: 10e68a7cc31664b338b4f3af7ae11b20
      size: 1246
    - path: src/stages/prepare.ts
      hash: md5
      md5: 552709ef0d95195354ae3a47f9fef789
      size: 1403
    outs:
    - path: outputs/image-entries.json
      hash: md5
      md5: c00291aab748d378f01404b3c19788c4
      size: 934
    - path: outputs/prepared.json
      hash: md5
      md5: a81b8c5daf0b41f734188676fc71c3fb
      size: 57952
  parse:
    cmd: pnpm exec tsx src/stages/parse.ts
    deps:
    - path: data/recipe-images
      hash: md5
      md5: c016e91ef929d55fd41a2fb90521e92b.dir
      size: 84063465
      nfiles: 14
    - path: outputs/image-entries.json
      hash: md5
      md5: c00291aab748d378f01404b3c19788c4
      size: 934
    - path: src/lib/cooklang.ts
      hash: md5
      md5: ca540c41311ffce8442c77e77e7baa2d
      size: 11943
    - path: src/lib/env.ts
      hash: md5
      md5: 1ad5cf2fca9426a8faa637e965f84001
      size: 196
    - path: src/lib/image-key.ts
      hash: md5
      md5: 116109e930c80c186e78c1946e9f03b1
      size: 135
    - path: src/lib/images.ts
      hash: md5
      md5: 53ebc03d0d7f1458e412daccd17eb54e
      size: 560
    - path: src/lib/io.ts
      hash: md5
      md5: 1d1985baa23d54efb1ef447abe5a56cf
      size: 4921
    - path: src/lib/openrouter.ts
      hash: md5
      md5: 208a133b33ad506ca4971af8f3048604
      size: 6293
    - path: src/lib/parse-retry.ts
      hash: md5
      md5: 3d51e284c36dc781cef42e51f65ddd27
      size: 2194
    - path: src/lib/recipe-output.ts
      hash: md5
      md5: d11742cd8cfb704a3134a64f1b8a40cd
      size: 1814
    - path: src/schemas/ground-truth.ts
      hash: md5
      md5: cff0a15f0564172640b48f1aff2fba7a
      size: 1526
    - path: src/schemas/parse-failures.ts
      hash: md5
      md5: 437825926d9868e64b6d570145a46084
      size: 1395
    - path: src/schemas/stage-artifacts.ts
      hash: md5
      md5: 25e0022170f3576831ac5b1cb4c6a6a0
      size: 2754
    - path: src/stages/parse.ts
      hash: md5
      md5: efbb0b3da31b4a0642e19b11ebe8ab58
      size: 17425
    outs:
    - path: outputs/cooklang-recipes.json
      hash: md5
      md5: 25cef39a6104e5c5fe2c993409d663f7
      size: 41868
    - path: outputs/parse-failures.json
      hash: md5
      md5: 49e4c30c06bf51cc81392193d431c87d
      size: 20
    - path: outputs/predictions.json
      hash: md5
      md5: 998439556489114b54c50a51150d2594
      size: 25340
    - path: outputs/structured-extractions.json
      hash: md5
      md5: fcfe14365f952e9bd822623ade392257
      size: 19761
  evaluate_extraction:
    cmd: pnpm exec tsx src/stages/evaluate-extraction.ts
    deps:
    - path: outputs/extraction-predictions.json
      hash: md5
      md5: 1183ceaf7848c95a1f633ba53f920b0b
      size: 13665
    - path: outputs/prepared.json
      hash: md5
      md5: a81b8c5daf0b41f734188676fc71c3fb
      size: 57952
    - path: src/evaluation/metrics.ts
      hash: md5
      md5: 141a402b303341b4d1932a9c565074a4
      size: 18093
    - path: src/lib/image-key.ts
      hash: md5
      md5: 116109e930c80c186e78c1946e9f03b1
      size: 135
    - path: src/lib/io.ts
      hash: md5
      md5: 06f1d1ef3debf05262f8fb45cad309ee
      size: 7872
    - path: src/schemas/ground-truth.ts
      hash: md5
      md5: 10e68a7cc31664b338b4f3af7ae11b20
      size: 1246
    - path: src/schemas/stage-artifacts.ts
      hash: md5
      md5: e4174d6e6aa290346cddd5bea005fde3
      size: 4115
    - path: src/stages/evaluate-extraction.ts
      hash: md5
      md5: 09857a3ad701231e8529c2d34bfd7f6d
      size: 6840
    outs:
    - path: outputs/extraction-metrics.json
      hash: md5
      md5: 22d9e1519ef6bd9b25041a3345bc75d2
      size: 1529
    - path: outputs/extraction-per-image-scores.json
      hash: md5
      md5: e382decc2398c5ac2e375fc6e7cc56e7
      size: 4582
  canonicalize:
    cmd: pnpm exec tsx src/stages/canonicalize.ts
    deps:
    - path: data/canonical-ingredients.json
      hash: md5
      md5: 7733791d46234cc8c20e4f524a3edc93
      size: 7321
    - path: outputs/predictions.json
      hash: md5
      md5: dd6be88334995889bb1af64a7d1d9cb5
      size: 28114
    - path: src/lib/env.ts
      hash: md5
      md5: 1ad5cf2fca9426a8faa637e965f84001
      size: 196
    - path: src/lib/ingredient-canonicalization.ts
      hash: md5
      md5: f56a612cb2dad7755f00cd105da783c9
      size: 10454
    - path: src/lib/io.ts
      hash: md5
      md5: 06f1d1ef3debf05262f8fb45cad309ee
      size: 7872
    - path: src/lib/openrouter.ts
      hash: md5
      md5: 7aac304a019b8507b6e4ddb673b652d8
      size: 17325
    - path: src/lib/stage-runner.ts
      hash: md5
      md5: 699b206f91c4c1fb7229d30de6611ff8
      size: 3288
    - path: src/schemas/canonical-ingredients.ts
      hash: md5
      md5: f9fd36508b59772cb34fff03886e40d1
      size: 491
    - path: src/schemas/ground-truth.ts
      hash: md5
      md5: 10e68a7cc31664b338b4f3af7ae11b20
      size: 1246
    - path: src/stages/canonicalize.ts
      hash: md5
      md5: de4a58f64292914a08670d4017c0ee2b
      size: 9147
    params:
      params.yaml:
        canonicalize:
          model: google/gemini-2.5-flash
          request_timeout_ms: 15000
          max_retries: 1
          concurrency: 4
          retry_base_delay_ms: 500
          retry_max_delay_ms: 4000
    outs:
    - path: outputs/canonicalization-decisions.json
      hash: md5
      md5: 738559b5ba19c639edf17d1d1a7d1432
      size: 54725
    - path: outputs/predictions-canonicalized.json
      hash: md5
      md5: 80d026edd9c409a4044d1d3234d981ee
      size: 28061
  evaluate:
    cmd: pnpm exec tsx src/stages/evaluate.ts
    deps:
    - path: outputs/predictions-canonicalized.json
      hash: md5
      md5: 80d026edd9c409a4044d1d3234d981ee
      size: 28061
    - path: outputs/prepared.json
      hash: md5
      md5: a81b8c5daf0b41f734188676fc71c3fb
      size: 57952
    - path: src/evaluation/metrics.ts
      hash: md5
      md5: 141a402b303341b4d1932a9c565074a4
      size: 18093
    - path: src/lib/image-key.ts
      hash: md5
      md5: 116109e930c80c186e78c1946e9f03b1
      size: 135
    - path: src/lib/io.ts
      hash: md5
      md5: 06f1d1ef3debf05262f8fb45cad309ee
      size: 7872
    - path: src/stages/evaluate.ts
      hash: md5
      md5: 5ddf0fa1031e5fe94cccc6745ed9a6e9
      size: 2799
    outs:
    - path: outputs/metrics.json
      hash: md5
      md5: 0ab3d783932857aa3298398ddb0af35b
      size: 1445
    - path: outputs/per-entry-score-plot.json
      hash: md5
      md5: 538f3e645cced54cb07bfd5e562839b2
      size: 3928
  dataset_stats:
    cmd: pnpm exec tsx src/stages/dataset-stats.ts
    deps:
    - path: data/recipe-images
      hash: md5
      md5: c016e91ef929d55fd41a2fb90521e92b.dir
      size: 84063465
      nfiles: 14
    - path: outputs/prepared.json
      hash: md5
      md5: a81b8c5daf0b41f734188676fc71c3fb
      size: 57952
    - path: src/lib/io.ts
      hash: md5
      md5: 06f1d1ef3debf05262f8fb45cad309ee
      size: 7872
    - path: src/schemas/ground-truth.ts
      hash: md5
      md5: 10e68a7cc31664b338b4f3af7ae11b20
      size: 1246
    - path: src/stages/dataset-stats.ts
      hash: md5
      md5: a26d3031ef4e5738a0caf4bc744079b0
      size: 5748
    outs:
    - path: outputs/cuisine-distribution.json
      hash: md5
      md5: 96cb88779b437960a26ee9ed92f0876b
      size: 401
    - path: outputs/dataset-stats.json
      hash: md5
      md5: d35dee61022e453f0f049489db8e98ee
      size: 1686
    - path: outputs/images-per-recipe-histogram.json
      hash: md5
      md5: 7d2601cf4ca64943a2967f4670727f76
      size: 109
    - path: outputs/top-ingredients.json
      hash: md5
      md5: e71eec0eb667ea227f26289e67791d47
      size: 1119
  extract:
    cmd: pnpm exec tsx src/stages/extract.ts
    deps:
    - path: data/recipe-images
      hash: md5
      md5: c016e91ef929d55fd41a2fb90521e92b.dir
      size: 84063465
      nfiles: 14
    - path: outputs/image-entries.json
      hash: md5
      md5: c00291aab748d378f01404b3c19788c4
      size: 934
    - path: src/lib/env.ts
      hash: md5
      md5: 1ad5cf2fca9426a8faa637e965f84001
      size: 196
    - path: src/lib/image-key.ts
      hash: md5
      md5: 116109e930c80c186e78c1946e9f03b1
      size: 135
    - path: src/lib/images.ts
      hash: md5
      md5: 53ebc03d0d7f1458e412daccd17eb54e
      size: 560
    - path: src/lib/io.ts
      hash: md5
      md5: 06f1d1ef3debf05262f8fb45cad309ee
      size: 7872
    - path: src/lib/openrouter.ts
      hash: md5
      md5: 7aac304a019b8507b6e4ddb673b652d8
      size: 17325
    - path: src/lib/parse-retry.ts
      hash: md5
      md5: 3d51e284c36dc781cef42e51f65ddd27
      size: 2194
    - path: src/lib/stage-runner.ts
      hash: md5
      md5: 699b206f91c4c1fb7229d30de6611ff8
      size: 3288
    - path: src/schemas/ground-truth.ts
      hash: md5
      md5: 10e68a7cc31664b338b4f3af7ae11b20
      size: 1246
    - path: src/schemas/parse-failures.ts
      hash: md5
      md5: ad8c128e501639efa5451a2eb8d9bb24
      size: 1425
    - path: src/schemas/stage-artifacts.ts
      hash: md5
      md5: e4174d6e6aa290346cddd5bea005fde3
      size: 4115
    - path: src/stages/extract.ts
      hash: md5
      md5: 7786161ab374b5fbdab7e78995f06a22
      size: 8585
    params:
      params.yaml:
        extract:
          model: google/gemini-3-flash-preview
          request_timeout_ms: 30000
          max_retries: 2
          concurrency: 8
          image_max_dim: 1600
          image_jpeg_quality: 80
          retry_base_delay_ms: 500
          retry_max_delay_ms: 8000
    outs:
    - path: outputs/extraction-failures.json
      hash: md5
      md5: 49e4c30c06bf51cc81392193d431c87d
      size: 20
    - path: outputs/extraction-predictions.json
      hash: md5
      md5: 1183ceaf7848c95a1f633ba53f920b0b
      size: 13665
  normalize:
    cmd: pnpm exec tsx src/stages/normalize.ts
    deps:
    - path: outputs/extraction-predictions.json
      hash: md5
      md5: 1183ceaf7848c95a1f633ba53f920b0b
      size: 13665
    - path: src/lib/cooklang.ts
      hash: md5
      md5: d8425a286898ec9dbd88d248a1c6cd1a
      size: 21072
    - path: src/lib/env.ts
      hash: md5
      md5: 1ad5cf2fca9426a8faa637e965f84001
      size: 196
    - path: src/lib/image-key.ts
      hash: md5
      md5: 116109e930c80c186e78c1946e9f03b1
      size: 135
    - path: src/lib/io.ts
      hash: md5
      md5: 06f1d1ef3debf05262f8fb45cad309ee
      size: 7872
    - path: src/lib/openrouter.ts
      hash: md5
      md5: 7aac304a019b8507b6e4ddb673b652d8
      size: 17325
    - path: src/lib/parse-retry.ts
      hash: md5
      md5: 3d51e284c36dc781cef42e51f65ddd27
      size: 2194
    - path: src/lib/stage-runner.ts
      hash: md5
      md5: 699b206f91c4c1fb7229d30de6611ff8
      size: 3288
    - path: src/schemas/ground-truth.ts
      hash: md5
      md5: 10e68a7cc31664b338b4f3af7ae11b20
      size: 1246
    - path: src/schemas/parse-failures.ts
      hash: md5
      md5: ad8c128e501639efa5451a2eb8d9bb24
      size: 1425
    - path: src/schemas/stage-artifacts.ts
      hash: md5
      md5: e4174d6e6aa290346cddd5bea005fde3
      size: 4115
    - path: src/stages/normalize.ts
      hash: md5
      md5: 9b5c45370b9f1be33569f7001a133abd
      size: 10876
    params:
      params.yaml:
        normalize:
          model: google/gemini-3-flash-preview
          request_timeout_ms: 30000
          max_retries: 2
          concurrency: 8
          retry_base_delay_ms: 500
          retry_max_delay_ms: 8000
    outs:
    - path: outputs/cooklang-recipes.json
      hash: md5
      md5: 7f67c2ad83c3d95854d35b7d3f4278d5
      size: 47001
    - path: outputs/normalize-failures.json
      hash: md5
      md5: 49e4c30c06bf51cc81392193d431c87d
      size: 20
    - path: outputs/predictions.json
      hash: md5
      md5: dd6be88334995889bb1af64a7d1d9cb5
      size: 28114
  evaluate_normalization:
    cmd: pnpm exec tsx src/stages/evaluate-normalization.ts
    deps:
    - path: outputs/predictions.json
      hash: md5
      md5: dd6be88334995889bb1af64a7d1d9cb5
      size: 28114
    - path: outputs/prepared.json
      hash: md5
      md5: a81b8c5daf0b41f734188676fc71c3fb
      size: 57952
    - path: src/evaluation/metrics.ts
      hash: md5
      md5: 141a402b303341b4d1932a9c565074a4
      size: 18093
    - path: src/lib/image-key.ts
      hash: md5
      md5: 116109e930c80c186e78c1946e9f03b1
      size: 135
    - path: src/lib/io.ts
      hash: md5
      md5: 06f1d1ef3debf05262f8fb45cad309ee
      size: 7872
    - path: src/schemas/ground-truth.ts
      hash: md5
      md5: 10e68a7cc31664b338b4f3af7ae11b20
      size: 1246
    - path: src/stages/evaluate-normalization.ts
      hash: md5
      md5: 1621b746577ed45a2ccaca3003a55e25
      size: 3795
    outs:
    - path: outputs/normalization-metrics.json
      hash: md5
      md5: 5448b07db8d85f8d7d4b8c7a0f06397f
      size: 1417
    - path: outputs/normalization-per-image-scores.json
      hash: md5
      md5: 015b76a0743599a0f3bd912e1478d923
      size: 2945
